
Microsoft Visual Studio Solution File, Format Version 12.00
# Visual Studio Version 16
VisualStudioVersion = 16.0.32802.440
MinimumVisualStudioVersion = 10.0.40219.1
Project("{FAE04EC0-301F-11D3-BF4B-00C04F79EFBC}") = "Read_text_file_line_by_line", "Read_text_file_line_by_line\Read_text_file_line_by_line.csproj", "{4B78BC7C-D8D0-4736-BCA5-54C5EC683B38}"
EndProject
Global
	GlobalSection(SolutionConfigurationPlatforms) = preSolution
		Debug|Any CPU = Debug|Any CPU
		Release|Any CPU = Release|Any CPU
	EndGlobalSection
	GlobalSection(ProjectConfigurationPlatforms) = postSolution
		{4B78BC7C-D8D0-4736-BCA5-54C5EC683B38}.Debug|Any CPU.ActiveCfg = Debug|Any CPU
		{4B78BC7C-D8D0-4736-BCA5-54C5EC683B38}.Debug|Any CPU.Build.0 = Debug|Any CPU
		{4B78BC7C-D8D0-4736-BCA5-54C5EC683B38}.Release|Any CPU.ActiveCfg = Release|Any CPU
		{4B78BC7C-D8D0-4736-BCA5-54C5EC683B38}.Release|Any CPU.Build.0 = Release|Any CPU
	EndGlobalSection
	GlobalSection(SolutionProperties) = preSolution
		HideSolutionNode = FALSE
	EndGlobalSection
	GlobalSection(ExtensibilityGlobals) = postSolution
		SolutionGuid = {E83BE59D-B0D6-492D-A970-9B6F6BB06441}
	EndGlobalSection
EndGlobal
